{
  "name": "kudos_console_ui",
  "version": "1.0.0",
  "lockfileVersion": 3,
  "requires": true,
  "packages": {
    "": {
      "name": "kudos_console_ui",
      "version": "1.0.0",
      "workspaces": [
        "webApp",
        "shared/build/dist/js/developmentLibrary"
      ]
    },
    "node_modules/@babel/helper-string-parser": {
      "version": "7.27.1",
      "license": "MIT",
      "engines": {
        "node": ">=6.9.0"
      }
    },
    "node_modules/@babel/helper-validator-identifier": {
      "version": "7.28.5",
      "license": "MIT",
      "engines": {
        "node": ">=6.9.0"
      }
    },
    "node_modules/@babel/parser": {
      "version": "7.28.6",
      "license": "MIT",
      "dependencies": {
        "@babel/types": "^7.28.6"
      },
      "bin": {
        "parser": "bin/babel-parser.js"
      },
      "engines": {
        "node": ">=6.0.0"
      }
    },
    "node_modules/@babel/types": {
      "version": "7.28.6",
      "license": "MIT",
      "dependencies": {
        "@babel/helper-string-parser": "^7.27.1",
        "@babel/helper-validator-identifier": "^7.28.5"
      },
      "engines": {
        "node": ">=6.9.0"
      }
    },
    "node_modules/@ctrl/tinycolor": {
      "version": "3.6.1",
      "license": "MIT",
      "engines": {
        "node": ">=10"
      }
    },
    "node_modules/@element-plus/icons-vue": {
      "version": "2.3.2",
      "license": "MIT",
      "peerDependencies": {
        "vue": "^3.2.0"
      }
    },
    "node_modules/@esbuild/darwin-arm64": {
      "version": "0.27.2",
      "cpu": [
        "arm64"
      ],
      "dev": true,
      "license": "MIT",
      "optional": true,
      "os": [
        "darwin"
      ],
      "engines": {
        "node": ">=18"
      }
    },
    "node_modules/@floating-ui/core": {
      "version": "1.7.4",
      "license": "MIT",
      "dependencies": {
        "@floating-ui/utils": "^0.2.10"
      }
    },
    "node_modules/@floating-ui/dom": {
      "version": "1.7.5",
      "license": "MIT",
      "dependencies": {
        "@floating-ui/core": "^1.7.4",
        "@floating-ui/utils": "^0.2.10"
      }
    },
    "node_modules/@floating-ui/utils": {
      "version": "0.2.10",
      "license": "MIT"
    },
    "node_modules/@jridgewell/sourcemap-codec": {
      "version": "1.5.5",
      "license": "MIT"
    },
    "node_modules/@popperjs/core": {
      "name": "@sxzz/popperjs-es",
      "version": "2.11.7",
      "license": "MIT",
      "funding": {
        "type": "opencollective",
        "url": "https://opencollective.com/popperjs"
      }
    },
    "node_modules/@rolldown/pluginutils": {
      "version": "1.0.0-beta.53",
      "dev": true,
      "license": "MIT"
    },
    "node_modules/@rollup/rollup-darwin-arm64": {
      "version": "4.57.0",
      "cpu": [
        "arm64"
      ],
      "dev": true,
      "license": "MIT",
      "optional": true,
      "os": [
        "darwin"
      ]
    },
    "node_modules/@types/estree": {
      "version": "1.0.8",
      "dev": true,
      "license": "MIT"
    },
    "node_modules/@types/lodash": {
      "version": "4.17.23",
      "license": "MIT"
    },
    "node_modules/@types/lodash-es": {
      "version": "4.17.12",
      "license": "MIT",
      "dependencies": {
        "@types/lodash": "*"
      }
    },
    "node_modules/@types/web-bluetooth": {
      "version": "0.0.20",
      "license": "MIT"
    },
    "node_modules/@vitejs/plugin-vue": {
      "version": "6.0.3",
      "dev": true,
      "license": "MIT",
      "dependencies": {
        "@rolldown/pluginutils": "1.0.0-beta.53"
      },
      "engines": {
        "node": "^20.19.0 || >=22.12.0"
      },
      "peerDependencies": {
        "vite": "^5.0.0 || ^6.0.0 || ^7.0.0 || ^8.0.0-0",
        "vue": "^3.2.25"
      }
    },
    "node_modules/@vue/compiler-core": {
      "version": "3.5.27",
      "license": "MIT",
      "dependencies": {
        "@babel/parser": "^7.28.5",
        "@vue/shared": "3.5.27",
        "entities": "^7.0.0",
        "estree-walker": "^2.0.2",
        "source-map-js": "^1.2.1"
      }
    },
    "node_modules/@vue/compiler-dom": {
      "version": "3.5.27",
      "license": "MIT",
      "dependencies": {
        "@vue/compiler-core": "3.5.27",
        "@vue/shared": "3.5.27"
      }
    },
    "node_modules/@vue/compiler-sfc": {
      "version": "3.5.27",
      "license": "MIT",
      "dependencies": {
        "@babel/parser": "^7.28.5",
        "@vue/compiler-core": "3.5.27",
        "@vue/compiler-dom": "3.5.27",
        "@vue/compiler-ssr": "3.5.27",
        "@vue/shared": "3.5.27",
        "estree-walker": "^2.0.2",
        "magic-string": "^0.30.21",
        "postcss": "^8.5.6",
        "source-map-js": "^1.2.1"
      }
    },
    "node_modules/@vue/compiler-ssr": {
      "version": "3.5.27",
      "license": "MIT",
      "dependencies": {
        "@vue/compiler-dom": "3.5.27",
        "@vue/shared": "3.5.27"
      }
    },
    "node_modules/@vue/reactivity": {
      "version": "3.5.27",
      "license": "MIT",
      "dependencies": {
        "@vue/shared": "3.5.27"
      }
    },
    "node_modules/@vue/runtime-core": {
      "version": "3.5.27",
      "license": "MIT",
      "dependencies": {
        "@vue/reactivity": "3.5.27",
        "@vue/shared": "3.5.27"
      }
    },
    "node_modules/@vue/runtime-dom": {
      "version": "3.5.27",
      "license": "MIT",
      "dependencies": {
        "@vue/reactivity": "3.5.27",
        "@vue/runtime-core": "3.5.27",
        "@vue/shared": "3.5.27",
        "csstype": "^3.2.3"
      }
    },
    "node_modules/@vue/server-renderer": {
      "version": "3.5.27",
      "license": "MIT",
      "dependencies": {
        "@vue/compiler-ssr": "3.5.27",
        "@vue/shared": "3.5.27"
      },
      "peerDependencies": {
        "vue": "3.5.27"
      }
    },
    "node_modules/@vue/shared": {
      "version": "3.5.27",
      "license": "MIT"
    },
    "node_modules/@vueuse/core": {
      "version": "10.11.1",
      "license": "MIT",
      "dependencies": {
        "@types/web-bluetooth": "^0.0.20",
        "@vueuse/metadata": "10.11.1",
        "@vueuse/shared": "10.11.1",
        "vue-demi": ">=0.14.8"
      },
      "funding": {
        "url": "https://github.com/sponsors/antfu"
      }
    },
    "node_modules/@vueuse/core/node_modules/vue-demi": {
      "version": "0.14.10",
      "hasInstallScript": true,
      "license": "MIT",
      "bin": {
        "vue-demi-fix": "bin/vue-demi-fix.js",
        "vue-demi-switch": "bin/vue-demi-switch.js"
      },
      "engines": {
        "node": ">=12"
      },
      "funding": {
        "url": "https://github.com/sponsors/antfu"
      },
      "peerDependencies": {
        "@vue/composition-api": "^1.0.0-rc.1",
        "vue": "^3.0.0-0 || ^2.6.0"
      },
      "peerDependenciesMeta": {
        "@vue/composition-api": {
          "optional": true
        }
      }
    },
    "node_modules/@vueuse/metadata": {
      "version": "10.11.1",
      "license": "MIT",
      "funding": {
        "url": "https://github.com/sponsors/antfu"
      }
    },
    "node_modules/@vueuse/shared": {
      "version": "10.11.1",
      "license": "MIT",
      "dependencies": {
        "vue-demi": ">=0.14.8"
      },
      "funding": {
        "url": "https://github.com/sponsors/antfu"
      }
    },
    "node_modules/@vueuse/shared/node_modules/vue-demi": {
      "version": "0.14.10",
      "hasInstallScript": true,
      "license": "MIT",
      "bin": {
        "vue-demi-fix": "bin/vue-demi-fix.js",
        "vue-demi-switch": "bin/vue-demi-switch.js"
      },
      "engines": {
        "node": ">=12"
      },
      "funding": {
        "url": "https://github.com/sponsors/antfu"
      },
      "peerDependencies": {
        "@vue/composition-api": "^1.0.0-rc.1",
        "vue": "^3.0.0-0 || ^2.6.0"
      },
      "peerDependenciesMeta": {
        "@vue/composition-api": {
          "optional": true
        }
      }
    },
    "node_modules/async-validator": {
      "version": "4.2.5",
      "license": "MIT"
    },
    "node_modules/csstype": {
      "version": "3.2.3",
      "license": "MIT"
    },
    "node_modules/dayjs": {
      "version": "1.11.19",
      "license": "MIT"
    },
    "node_modules/element-plus": {
      "version": "2.13.1",
      "license": "MIT",
      "dependencies": {
        "@ctrl/tinycolor": "^3.4.1",
        "@element-plus/icons-vue": "^2.3.2",
        "@floating-ui/dom": "^1.0.1",
        "@popperjs/core": "npm:@sxzz/popperjs-es@^2.11.7",
        "@types/lodash": "^4.17.20",
        "@types/lodash-es": "^4.17.12",
        "@vueuse/core": "^10.11.0",
        "async-validator": "^4.2.5",
        "dayjs": "^1.11.19",
        "lodash": "^4.17.21",
        "lodash-es": "^4.17.21",
        "lodash-unified": "^1.0.3",
        "memoize-one": "^6.0.0",
        "normalize-wheel-es": "^1.2.0"
      },
      "peerDependencies": {
        "vue": "^3.3.0"
      }
    },
    "node_modules/entities": {
      "version": "7.0.1",
      "license": "BSD-2-Clause",
      "engines": {
        "node": ">=0.12"
      },
      "funding": {
        "url": "https://github.com/fb55/entities?sponsor=1"
      }
    },
    "node_modules/esbuild": {
      "version": "0.27.2",
      "dev": true,
      "hasInstallScript": true,
      "license": "MIT",
      "bin": {
        "esbuild": "bin/esbuild"
      },
      "engines": {
        "node": ">=18"
      },
      "optionalDependencies": {
        "@esbuild/aix-ppc64": "0.27.2",
        "@esbuild/android-arm": "0.27.2",
        "@esbuild/android-arm64": "0.27.2",
        "@esbuild/android-x64": "0.27.2",
        "@esbuild/darwin-arm64": "0.27.2",
        "@esbuild/darwin-x64": "0.27.2",
        "@esbuild/freebsd-arm64": "0.27.2",
        "@esbuild/freebsd-x64": "0.27.2",
        "@esbuild/linux-arm": "0.27.2",
        "@esbuild/linux-arm64": "0.27.2",
        "@esbuild/linux-ia32": "0.27.2",
        "@esbuild/linux-loong64": "0.27.2",
        "@esbuild/linux-mips64el": "0.27.2",
        "@esbuild/linux-ppc64": "0.27.2",
        "@esbuild/linux-riscv64": "0.27.2",
        "@esbuild/linux-s390x": "0.27.2",
        "@esbuild/linux-x64": "0.27.2",
        "@esbuild/netbsd-arm64": "0.27.2",
        "@esbuild/netbsd-x64": "0.27.2",
        "@esbuild/openbsd-arm64": "0.27.2",
        "@esbuild/openbsd-x64": "0.27.2",
        "@esbuild/openharmony-arm64": "0.27.2",
        "@esbuild/sunos-x64": "0.27.2",
        "@esbuild/win32-arm64": "0.27.2",
        "@esbuild/win32-ia32": "0.27.2",
        "@esbuild/win32-x64": "0.27.2"
      }
    },
    "node_modules/estree-walker": {
      "version": "2.0.2",
      "license": "MIT"
    },
    "node_modules/fdir": {
      "version": "6.5.0",
      "dev": true,
      "license": "MIT",
      "engines": {
        "node": ">=12.0.0"
      },
      "peerDependencies": {
        "picomatch": "^3 || ^4"
      },
      "peerDependenciesMeta": {
        "picomatch": {
          "optional": true
        }
      }
    },
    "node_modules/fsevents": {
      "version": "2.3.3",
      "dev": true,
      "license": "MIT",
      "optional": true,
      "os": [
        "darwin"
      ],
      "engines": {
        "node": "^8.16.0 || ^10.6.0 || >=11.0.0"
      }
    },
    "node_modules/lodash": {
      "version": "4.17.23",
      "license": "MIT"
    },
    "node_modules/lodash-es": {
      "version": "4.17.23",
      "license": "MIT"
    },
    "node_modules/lodash-unified": {
      "version": "1.0.3",
      "license": "MIT",
      "peerDependencies": {
        "@types/lodash-es": "*",
        "lodash": "*",
        "lodash-es": "*"
      }
    },
    "node_modules/magic-string": {
      "version": "0.30.21",
      "license": "MIT",
      "dependencies": {
        "@jridgewell/sourcemap-codec": "^1.5.5"
      }
    },
    "node_modules/memoize-one": {
      "version": "6.0.0",
      "license": "MIT"
    },
    "node_modules/nanoid": {
      "version": "3.3.11",
      "funding": [
        {
          "type": "github",
          "url": "https://github.com/sponsors/ai"
        }
      ],
      "license": "MIT",
      "bin": {
        "nanoid": "bin/nanoid.cjs"
      },
      "engines": {
        "node": "^10 || ^12 || ^13.7 || ^14 || >=15.0.1"
      }
    },
    "node_modules/normalize-wheel-es": {
      "version": "1.2.0",
      "license": "BSD-3-Clause"
    },
    "node_modules/picocolors": {
      "version": "1.1.1",
      "license": "ISC"
    },
    "node_modules/picomatch": {
      "version": "4.0.3",
      "dev": true,
      "license": "MIT",
      "engines": {
        "node": ">=12"
      },
      "funding": {
        "url": "https://github.com/sponsors/jonschlinkert"
      }
    },
    "node_modules/postcss": {
      "version": "8.5.6",
      "funding": [
        {
          "type": "opencollective",
          "url": "https://opencollective.com/postcss/"
        },
        {
          "type": "tidelift",
          "url": "https://tidelift.com/funding/github/npm/postcss"
        },
        {
          "type": "github",
          "url": "https://github.com/sponsors/ai"
        }
      ],
      "license": "MIT",
      "dependencies": {
        "nanoid": "^3.3.11",
        "picocolors": "^1.1.1",
        "source-map-js": "^1.2.1"
      },
      "engines": {
        "node": "^10 || ^12 || >=14"
      }
    },
    "node_modules/rollup": {
      "version": "4.57.0",
      "dev": true,
      "license": "MIT",
      "dependencies": {
        "@types/estree": "1.0.8"
      },
      "bin": {
        "rollup": "dist/bin/rollup"
      },
      "engines": {
        "node": ">=18.0.0",
        "npm": ">=8.0.0"
      },
      "optionalDependencies": {
        "@rollup/rollup-android-arm-eabi": "4.57.0",
        "@rollup/rollup-android-arm64": "4.57.0",
        "@rollup/rollup-darwin-arm64": "4.57.0",
        "@rollup/rollup-darwin-x64": "4.57.0",
        "@rollup/rollup-freebsd-arm64": "4.57.0",
        "@rollup/rollup-freebsd-x64": "4.57.0",
        "@rollup/rollup-linux-arm-gnueabihf": "4.57.0",
        "@rollup/rollup-linux-arm-musleabihf": "4.57.0",
        "@rollup/rollup-linux-arm64-gnu": "4.57.0",
        "@rollup/rollup-linux-arm64-musl": "4.57.0",
        "@rollup/rollup-linux-loong64-gnu": "4.57.0",
        "@rollup/rollup-linux-loong64-musl": "4.57.0",
        "@rollup/rollup-linux-ppc64-gnu": "4.57.0",
        "@rollup/rollup-linux-ppc64-musl": "4.57.0",
        "@rollup/rollup-linux-riscv64-gnu": "4.57.0",
        "@rollup/rollup-linux-riscv64-musl": "4.57.0",
        "@rollup/rollup-linux-s390x-gnu": "4.57.0",
        "@rollup/rollup-linux-x64-gnu": "4.57.0",
        "@rollup/rollup-linux-x64-musl": "4.57.0",
        "@rollup/rollup-openbsd-x64": "4.57.0",
        "@rollup/rollup-openharmony-arm64": "4.57.0",
        "@rollup/rollup-win32-arm64-msvc": "4.57.0",
        "@rollup/rollup-win32-ia32-msvc": "4.57.0",
        "@rollup/rollup-win32-x64-gnu": "4.57.0",
        "@rollup/rollup-win32-x64-msvc": "4.57.0",
        "fsevents": "~2.3.2"
      }
    },
    "node_modules/shared": {
      "resolved": "shared/build/dist/js/developmentLibrary",
      "link": true
    },
    "node_modules/source-map-js": {
      "version": "1.2.1",
      "license": "BSD-3-Clause",
      "engines": {
        "node": ">=0.10.0"
      }
    },
    "node_modules/tinyglobby": {
      "version": "0.2.15",
      "dev": true,
      "license": "MIT",
      "dependencies": {
        "fdir": "^6.5.0",
        "picomatch": "^4.0.3"
      },
      "engines": {
        "node": ">=12.0.0"
      },
      "funding": {
        "url": "https://github.com/sponsors/SuperchupuDev"
      }
    },
    "node_modules/typescript": {
      "version": "5.9.3",
      "resolved": "https://registry.npmjs.org/typescript/-/typescript-5.9.3.tgz",
      "integrity": "sha512-jl1vZzPDinLr9eUt3J/t7V6FgNEw9QjvBPdysz9KfQDD41fQrC2Y4vKQdiaUpFT4bXlb1RHhLpp8wtm6M5TgSw==",
      "license": "Apache-2.0",
      "bin": {
        "tsc": "bin/tsc",
        "tsserver": "bin/tsserver"
      },
      "engines": {
        "node": ">=14.17"
      }
    },
    "node_modules/vite": {
      "version": "7.3.1",
      "dev": true,
      "license": "MIT",
      "dependencies": {
        "esbuild": "^0.27.0",
        "fdir": "^6.5.0",
        "picomatch": "^4.0.3",
        "postcss": "^8.5.6",
        "rollup": "^4.43.0",
        "tinyglobby": "^0.2.15"
      },
      "bin": {
        "vite": "bin/vite.js"
      },
      "engines": {
        "node": "^20.19.0 || >=22.12.0"
      },
      "funding": {
        "url": "https://github.com/vitejs/vite?sponsor=1"
      },
      "optionalDependencies": {
        "fsevents": "~2.3.3"
      },
      "peerDependencies": {
        "@types/node": "^20.19.0 || >=22.12.0",
        "jiti": ">=1.21.0",
        "less": "^4.0.0",
        "lightningcss": "^1.21.0",
        "sass": "^1.70.0",
        "sass-embedded": "^1.70.0",
        "stylus": ">=0.54.8",
        "sugarss": "^5.0.0",
        "terser": "^5.16.0",
        "tsx": "^4.8.1",
        "yaml": "^2.4.2"
      },
      "peerDependenciesMeta": {
        "@types/node": {
          "optional": true
        },
        "jiti": {
          "optional": true
        },
        "less": {
          "optional": true
        },
        "lightningcss": {
          "optional": true
        },
        "sass": {
          "optional": true
        },
        "sass-embedded": {
          "optional": true
        },
        "stylus": {
          "optional": true
        },
        "sugarss": {
          "optional": true
        },
        "terser": {
          "optional": true
        },
        "tsx": {
          "optional": true
        },
        "yaml": {
          "optional": true
        }
      }
    },
    "node_modules/vue": {
      "version": "3.5.27",
      "license": "MIT",
      "dependencies": {
        "@vue/compiler-dom": "3.5.27",
        "@vue/compiler-sfc": "3.5.27",
        "@vue/runtime-dom": "3.5.27",
        "@vue/server-renderer": "3.5.27",
        "@vue/shared": "3.5.27"
      },
      "peerDependencies": {
        "typescript": "*"
      },
      "peerDependenciesMeta": {
        "typescript": {
          "optional": true
        }
      }
    },
    "node_modules/webApp": {
      "resolved": "webApp",
      "link": true
    },
    "shared/build/dist/js/developmentLibrary": {
      "name": "shared",
      "version": "0.0.0-unspecified",
      "dependencies": {
        "typescript": "5.9.3"
      },
      "devDependencies": {}
    },
    "webApp": {
      "version": "1.0.0",
      "dependencies": {
        "element-plus": "^2.13.1",
        "shared": "0.0.0-unspecified",
        "vue": "^3.5.27"
      },
      "devDependencies": {
        "@vitejs/plugin-vue": "^6.0.3",
        "typescript": "^5.9.3",
        "vite": "^7.3.1"
      }
    }
  }
}
